
Microsoft Visual Studio Solution File, Format Version 12.00
# Visual Studio Version 16
VisualStudioVersion = 16.0.31515.178
MinimumVisualStudioVersion = 10.0.40219.1
Project("{FAE04EC0-301F-11D3-BF4B-00C04F79EFBC}") = "Guia_practica_03_ejercicio01", "Guia_practica_03_ejercicio01.csproj", "{EE220440-E3AB-4903-9451-8896AF062BCD}"
EndProject
Global
	GlobalSection(SolutionConfigurationPlatforms) = preSolution
		Debug|Any CPU = Debug|Any CPU
		Release|Any CPU = Release|Any CPU
	EndGlobalSection
	GlobalSection(ProjectConfigurationPlatforms) = postSolution
		{EE220440-E3AB-4903-9451-8896AF062BCD}.Debug|Any CPU.ActiveCfg = Debug|Any CPU
		{EE220440-E3AB-4903-9451-8896AF062BCD}.Debug|Any CPU.Build.0 = Debug|Any CPU
		{EE220440-E3AB-4903-9451-8896AF062BCD}.Release|Any CPU.ActiveCfg = Release|Any CPU
		{EE220440-E3AB-4903-9451-8896AF062BCD}.Release|Any CPU.Build.0 = Release|Any CPU
	EndGlobalSection
	GlobalSection(SolutionProperties) = preSolution
		HideSolutionNode = FALSE
	EndGlobalSection
	GlobalSection(ExtensibilityGlobals) = postSolution
		SolutionGuid = {20758019-E85E-4E0B-A302-9F697C9593C8}
	EndGlobalSection
EndGlobal
